
Microsoft Visual Studio Solution File, Format Version 12.00
# Visual Studio 15
VisualStudioVersion = 15.0.28307.136
MinimumVisualStudioVersion = 10.0.40219.1
Project("{FAE04EC0-301F-11D3-BF4B-00C04F79EFBC}") = "CorrelationIdIHttpContextAccessorTest", "CorrelationIdIHttpContextAccessorTest\CorrelationIdIHttpContextAccessorTest.csproj", "{1D8881B3-B19C-418D-85F1-4A445E64765A}"
EndProject
Project("{FAE04EC0-301F-11D3-BF4B-00C04F79EFBC}") = "ApplicationServices", "ApplicationServices\ApplicationServices.csproj", "{3FAC697E-3841-49C1-A820-40B2F6CAB763}"
EndProject
Global
	GlobalSection(SolutionConfigurationPlatforms) = preSolution
		Debug|Any CPU = Debug|Any CPU
		Release|Any CPU = Release|Any CPU
	EndGlobalSection
	GlobalSection(ProjectConfigurationPlatforms) = postSolution
		{1D8881B3-B19C-418D-85F1-4A445E64765A}.Debug|Any CPU.ActiveCfg = Debug|Any CPU
		{1D8881B3-B19C-418D-85F1-4A445E64765A}.Debug|Any CPU.Build.0 = Debug|Any CPU
		{1D8881B3-B19C-418D-85F1-4A445E64765A}.Release|Any CPU.ActiveCfg = Release|Any CPU
		{1D8881B3-B19C-418D-85F1-4A445E64765A}.Release|Any CPU.Build.0 = Release|Any CPU
		{3FAC697E-3841-49C1-A820-40B2F6CAB763}.Debug|Any CPU.ActiveCfg = Debug|Any CPU
		{3FAC697E-3841-49C1-A820-40B2F6CAB763}.Debug|Any CPU.Build.0 = Debug|Any CPU
		{3FAC697E-3841-49C1-A820-40B2F6CAB763}.Release|Any CPU.ActiveCfg = Release|Any CPU
		{3FAC697E-3841-49C1-A820-40B2F6CAB763}.Release|Any CPU.Build.0 = Release|Any CPU
	EndGlobalSection
	GlobalSection(SolutionProperties) = preSolution
		HideSolutionNode = FALSE
	EndGlobalSection
	GlobalSection(ExtensibilityGlobals) = postSolution
		SolutionGuid = {1568FAB5-A3FA-4C7E-AB30-3EFCBBDBEF73}
	EndGlobalSection
EndGlobal
